
Microsoft Visual Studio Solution File, Format Version 12.00
# Visual Studio Version 16
VisualStudioVersion = 16.0.31005.135
MinimumVisualStudioVersion = 10.0.40219.1
Project("{FAE04EC0-301F-11D3-BF4B-00C04F79EFBC}") = "Steam", "Steam\Steam.csproj", "{FA47E81A-197F-4EC9-B00B-E95F90782D97}"
EndProject
Global
	GlobalSection(SolutionConfigurationPlatforms) = preSolution
		Debug|Any CPU = Debug|Any CPU
		Release|Any CPU = Release|Any CPU
	EndGlobalSection
	GlobalSection(ProjectConfigurationPlatforms) = postSolution
		{FA47E81A-197F-4EC9-B00B-E95F90782D97}.Debug|Any CPU.ActiveCfg = Debug|Any CPU
		{FA47E81A-197F-4EC9-B00B-E95F90782D97}.Debug|Any CPU.Build.0 = Debug|Any CPU
		{FA47E81A-197F-4EC9-B00B-E95F90782D97}.Release|Any CPU.ActiveCfg = Release|Any CPU
		{FA47E81A-197F-4EC9-B00B-E95F90782D97}.Release|Any CPU.Build.0 = Release|Any CPU
	EndGlobalSection
	GlobalSection(SolutionProperties) = preSolution
		HideSolutionNode = FALSE
	EndGlobalSection
	GlobalSection(ExtensibilityGlobals) = postSolution
		SolutionGuid = {08F508A8-671E-4139-8CDA-70F299527CA6}
	EndGlobalSection
EndGlobal
