
Microsoft Visual Studio Solution File, Format Version 12.00
# Visual Studio Version 16
VisualStudioVersion = 16.0.31005.135
MinimumVisualStudioVersion = 10.0.40219.1
Project("{FAE04EC0-301F-11D3-BF4B-00C04F79EFBC}") = "Steam", "Steam\Steam.csproj", "{72D77FF7-6C5B-4727-A557-C81B8F7A04F2}"
EndProject
Project("{FAE04EC0-301F-11D3-BF4B-00C04F79EFBC}") = "Steam.DAL", "Steam.DAL\Steam.DAL.csproj", "{45C50E3B-17CC-4E53-BEEB-71E111990938}"
EndProject
Project("{FAE04EC0-301F-11D3-BF4B-00C04F79EFBC}") = "Steam.BLL", "Steam.BLL\Steam.BLL.csproj", "{3D9EA386-14C8-4D19-B47D-0428C2C405F6}"
EndProject
Global
	GlobalSection(SolutionConfigurationPlatforms) = preSolution
		Debug|Any CPU = Debug|Any CPU
		Release|Any CPU = Release|Any CPU
	EndGlobalSection
	GlobalSection(ProjectConfigurationPlatforms) = postSolution
		{72D77FF7-6C5B-4727-A557-C81B8F7A04F2}.Debug|Any CPU.ActiveCfg = Debug|Any CPU
		{72D77FF7-6C5B-4727-A557-C81B8F7A04F2}.Debug|Any CPU.Build.0 = Debug|Any CPU
		{72D77FF7-6C5B-4727-A557-C81B8F7A04F2}.Release|Any CPU.ActiveCfg = Release|Any CPU
		{72D77FF7-6C5B-4727-A557-C81B8F7A04F2}.Release|Any CPU.Build.0 = Release|Any CPU
		{45C50E3B-17CC-4E53-BEEB-71E111990938}.Debug|Any CPU.ActiveCfg = Debug|Any CPU
		{45C50E3B-17CC-4E53-BEEB-71E111990938}.Debug|Any CPU.Build.0 = Debug|Any CPU
		{45C50E3B-17CC-4E53-BEEB-71E111990938}.Release|Any CPU.ActiveCfg = Release|Any CPU
		{45C50E3B-17CC-4E53-BEEB-71E111990938}.Release|Any CPU.Build.0 = Release|Any CPU
		{3D9EA386-14C8-4D19-B47D-0428C2C405F6}.Debug|Any CPU.ActiveCfg = Debug|Any CPU
		{3D9EA386-14C8-4D19-B47D-0428C2C405F6}.Debug|Any CPU.Build.0 = Debug|Any CPU
		{3D9EA386-14C8-4D19-B47D-0428C2C405F6}.Release|Any CPU.ActiveCfg = Release|Any CPU
		{3D9EA386-14C8-4D19-B47D-0428C2C405F6}.Release|Any CPU.Build.0 = Release|Any CPU
	EndGlobalSection
	GlobalSection(SolutionProperties) = preSolution
		HideSolutionNode = FALSE
	EndGlobalSection
	GlobalSection(ExtensibilityGlobals) = postSolution
		SolutionGuid = {08F508A8-671E-4139-8CDA-70F299527CA6}
	EndGlobalSection
EndGlobal
